
Microsoft Visual Studio Solution File, Format Version 12.00
# Visual Studio Version 17
VisualStudioVersion = 17.1.32421.90
MinimumVisualStudioVersion = 10.0.40219.1
Project("{FAE04EC0-301F-11D3-BF4B-00C04F79EFBC}") = "SkeletonApi", "SkeletonApi\SkeletonApi.csproj", "{25E1CE27-EE49-47E6-AF0A-BFE1A6098C77}"
EndProject
Global
	GlobalSection(SolutionConfigurationPlatforms) = preSolution
		Debug|Any CPU = Debug|Any CPU
		Release|Any CPU = Release|Any CPU
	EndGlobalSection
	GlobalSection(ProjectConfigurationPlatforms) = postSolution
		{25E1CE27-EE49-47E6-AF0A-BFE1A6098C77}.Debug|Any CPU.ActiveCfg = Debug|Any CPU
		{25E1CE27-EE49-47E6-AF0A-BFE1A6098C77}.Debug|Any CPU.Build.0 = Debug|Any CPU
		{25E1CE27-EE49-47E6-AF0A-BFE1A6098C77}.Release|Any CPU.ActiveCfg = Release|Any CPU
		{25E1CE27-EE49-47E6-AF0A-BFE1A6098C77}.Release|Any CPU.Build.0 = Release|Any CPU
	EndGlobalSection
	GlobalSection(SolutionProperties) = preSolution
		HideSolutionNode = FALSE
	EndGlobalSection
	GlobalSection(ExtensibilityGlobals) = postSolution
		SolutionGuid = {304C1C62-1CF7-4858-BF65-F179456045E6}
	EndGlobalSection
EndGlobal
